
Microsoft Visual Studio Solution File, Format Version 12.00
# Visual Studio 15
VisualStudioVersion = 15.0.28307.421
MinimumVisualStudioVersion = 10.0.40219.1
Project("{8BC9CEB8-8B4A-11D0-8D11-00A0C91BC942}") = "Draw_Rect_Circle", "Draw_Rect_Circle\Draw_Rect_Circle.vcxproj", "{71BBB52E-714E-422D-AEEA-D7B0BEE7E235}"
EndProject
Global
	GlobalSection(SolutionConfigurationPlatforms) = preSolution
		Debug|x64 = Debug|x64
		Debug|x86 = Debug|x86
		Release|x64 = Release|x64
		Release|x86 = Release|x86
	EndGlobalSection
	GlobalSection(ProjectConfigurationPlatforms) = postSolution
		{71BBB52E-714E-422D-AEEA-D7B0BEE7E235}.Debug|x64.ActiveCfg = Debug|x64
		{71BBB52E-714E-422D-AEEA-D7B0BEE7E235}.Debug|x64.Build.0 = Debug|x64
		{71BBB52E-714E-422D-AEEA-D7B0BEE7E235}.Debug|x86.ActiveCfg = Debug|Win32
		{71BBB52E-714E-422D-AEEA-D7B0BEE7E235}.Debug|x86.Build.0 = Debug|Win32
		{71BBB52E-714E-422D-AEEA-D7B0BEE7E235}.Release|x64.ActiveCfg = Release|x64
		{71BBB52E-714E-422D-AEEA-D7B0BEE7E235}.Release|x64.Build.0 = Release|x64
		{71BBB52E-714E-422D-AEEA-D7B0BEE7E235}.Release|x86.ActiveCfg = Release|Win32
		{71BBB52E-714E-422D-AEEA-D7B0BEE7E235}.Release|x86.Build.0 = Release|Win32
	EndGlobalSection
	GlobalSection(SolutionProperties) = preSolution
		HideSolutionNode = FALSE
	EndGlobalSection
	GlobalSection(ExtensibilityGlobals) = postSolution
		SolutionGuid = {EF079695-1930-4B98-BA70-10E7826F80E4}
	EndGlobalSection
EndGlobal
